
Microsoft Visual Studio Solution File, Format Version 12.00
# Visual Studio 15
VisualStudioVersion = 15.0.27130.2027
MinimumVisualStudioVersion = 10.0.40219.1
Project("{9A19103F-16F7-4668-BE54-9A1E7A4F7556}") = "CarRepo", "Cars\CarRepo.csproj", "{2A6DEEB2-2CCE-4AAA-A665-7FBFAC5544C0}"
EndProject
Project("{9A19103F-16F7-4668-BE54-9A1E7A4F7556}") = "CarRepo.Domain", "Cars.Domain\CarRepo.Domain.csproj", "{CD0358C7-31E9-4FC5-9159-AB6BC7DAD8B0}"
EndProject
Global
	GlobalSection(SolutionConfigurationPlatforms) = preSolution
		Debug|Any CPU = Debug|Any CPU
		Release|Any CPU = Release|Any CPU
	EndGlobalSection
	GlobalSection(ProjectConfigurationPlatforms) = postSolution
		{2A6DEEB2-2CCE-4AAA-A665-7FBFAC5544C0}.Debug|Any CPU.ActiveCfg = Debug|Any CPU
		{2A6DEEB2-2CCE-4AAA-A665-7FBFAC5544C0}.Debug|Any CPU.Build.0 = Debug|Any CPU
		{2A6DEEB2-2CCE-4AAA-A665-7FBFAC5544C0}.Release|Any CPU.ActiveCfg = Release|Any CPU
		{2A6DEEB2-2CCE-4AAA-A665-7FBFAC5544C0}.Release|Any CPU.Build.0 = Release|Any CPU
		{CD0358C7-31E9-4FC5-9159-AB6BC7DAD8B0}.Debug|Any CPU.ActiveCfg = Debug|Any CPU
		{CD0358C7-31E9-4FC5-9159-AB6BC7DAD8B0}.Debug|Any CPU.Build.0 = Debug|Any CPU
		{CD0358C7-31E9-4FC5-9159-AB6BC7DAD8B0}.Release|Any CPU.ActiveCfg = Release|Any CPU
		{CD0358C7-31E9-4FC5-9159-AB6BC7DAD8B0}.Release|Any CPU.Build.0 = Release|Any CPU
	EndGlobalSection
	GlobalSection(SolutionProperties) = preSolution
		HideSolutionNode = FALSE
	EndGlobalSection
	GlobalSection(ExtensibilityGlobals) = postSolution
		SolutionGuid = {01B31BC3-FFC4-42AD-868F-C2F47FE970C4}
	EndGlobalSection
EndGlobal
